schema: '2.0'
stages:
  core.data.make_dataset:
    cmd: uv run python -c "from src.data.make_dataset import main; main()"
    deps:
    - path: data/raw/Loan_status_2007-2020Q3.csv
      hash: md5
      md5: 65adade308f21d60b7213088a88e684d
      size: 1773470505
      isexec: true
    - path: src/data/make_dataset.py
      hash: md5
      md5: db3ad91755800ce8e32e355b397e4211
      size: 6043
      isexec: true
    outs:
    - path: data/interim/lending_club_cleaned.parquet
      hash: md5
      md5: 57f4d76b512f900111c175a5f8e951d5
      size: 203291457
  core.data.prepare_dataset:
    cmd: uv run python -c "from src.data.prepare_dataset import main; main()"
    deps:
    - path: data/interim/lending_club_cleaned.parquet
      hash: md5
      md5: 57f4d76b512f900111c175a5f8e951d5
      size: 203291457
    - path: src/data/prepare_dataset.py
      hash: md5
      md5: e1281e74163743ad95f34d3437572b8c
      size: 3946
      isexec: true
    outs:
    - path: data/processed/calibration.parquet
      hash: md5
      md5: 530b6dbf1e5a561995f142023b8c355b
      size: 27931750
    - path: data/processed/test.parquet
      hash: md5
      md5: 16bf66b611311120d8b55768f88fe7c4
      size: 32441172
    - path: data/processed/train.parquet
      hash: md5
      md5: 88d8fbcb58640f47d4c02e2ff66bcb90
      size: 142993295
  core.data.build_datasets:
    cmd: uv run python -c "from src.data.build_datasets import main; main()"
    deps:
    - path: data/processed/calibration.parquet
      hash: md5
      md5: 530b6dbf1e5a561995f142023b8c355b
      size: 27931750
    - path: data/processed/test.parquet
      hash: md5
      md5: 16bf66b611311120d8b55768f88fe7c4
      size: 32441172
    - path: data/processed/train.parquet
      hash: md5
      md5: 88d8fbcb58640f47d4c02e2ff66bcb90
      size: 142993295
    - path: data/processed/train_fe.parquet
      hash: md5
      md5: 786ec03f467835a63db38b45ab94f3c5
      size: 208450864
    - path: src/data/build_datasets.py
      hash: md5
      md5: cb6104d6a472b5a562022996a3d7b8ee
      size: 26896
    outs:
    - path: data/processed/ead_dataset.parquet
      hash: md5
      md5: 091258aec204fc81dcc8ff8569bd8236
      size: 42038056
    - path: data/processed/loan_master.parquet
      hash: md5
      md5: c797870fac75b62bbfa2dba9900e1f53
      size: 153933059
    - path: data/processed/time_series.parquet
      hash: md5
      md5: 00f20931560f3cc86f4f842e43f8beea
      size: 17872
    - path: data/processed/time_series_full.parquet
      hash: md5
      md5: 00f20931560f3cc86f4f842e43f8beea
      size: 17872
    - path: data/processed/time_series_panel.parquet
      hash: md5
      md5: 5fccaa31faf3960077789ccc6202530f
      size: 150690
  core.pd.train_model:
    cmd: uv run python scripts/train_pd_model.py --config configs/pd_model.yaml
    deps:
    - path: configs/pd_model.yaml
      hash: md5
      md5: 7da5f9fecc48485721230dacb6b4fb09
      size: 3865
      isexec: true
    - path: data/processed/calibration_fe.parquet
      hash: md5
      md5: fdfae34b8857f1506d1fe5628c5d1e94
      size: 39804503
    - path: data/processed/feature_config.pkl
      hash: md5
      md5: e799ebe038e6d2f47ab25dafee96a1c8
      size: 3580
    - path: data/processed/test_fe.parquet
      hash: md5
      md5: f01eea4760d8eb4d58cfeb274da46e09
      size: 46448903
    - path: data/processed/train_fe.parquet
      hash: md5
      md5: 786ec03f467835a63db38b45ab94f3c5
      size: 208450864
    - path: scripts/train_pd_model.py
      hash: md5
      md5: da1efd86c56a1679a618eb94cf08827f
      size: 85190
      isexec: true
    outs:
    - path: data/processed/test_predictions.parquet
      hash: md5
      md5: d16ecc0b4badc4c0949e6eb1e1adbbce
      size: 12547567
    - path: models/pd_canonical.cbm
      hash: md5
      md5: e66735accaef6c398c8665b2da5b9002
      size: 5394848
      isexec: true
    - path: models/pd_canonical_calibrator.pkl
      hash: md5
      md5: 543497cab73675673dad1bccbae4746d
      size: 9503845
      isexec: true
    - path: models/pd_training_record.pkl
      hash: md5
      md5: 8ce7d9371c1b9ebcdf753ab3dd74e9c1
      size: 21977
  core.conformal.generate_intervals:
    cmd: uv run python scripts/generate_conformal_intervals.py
    deps:
    - path: data/processed/calibration.parquet
      hash: md5
      md5: 530b6dbf1e5a561995f142023b8c355b
      size: 27931750
    - path: data/processed/test.parquet
      hash: md5
      md5: 16bf66b611311120d8b55768f88fe7c4
      size: 32441172
    - path: models/pd_canonical.cbm
      hash: md5
      md5: e66735accaef6c398c8665b2da5b9002
      size: 5394848
      isexec: true
    - path: models/pd_canonical_calibrator.pkl
      hash: md5
      md5: 543497cab73675673dad1bccbae4746d
      size: 9503845
      isexec: true
    - path: scripts/generate_conformal_intervals.py
      hash: md5
      md5: a8ce74875d293ba5df791dedb5a9c4ad
      size: 63358
      isexec: true
    outs:
    - path: data/processed/conformal_group_coverage_floor_report.parquet
      hash: md5
      md5: 42f320ddce3695ef6f3cd1412b0cd2cc
      size: 4158
    - path: data/processed/conformal_group_metrics_mondrian.parquet
      hash: md5
      md5: e37d31bbf17d6c0cd775f214eb44c4dd
      size: 7926
    - path: data/processed/conformal_intervals_mondrian.parquet
      hash: md5
      md5: 158c6322e701fa45407a4c769a8a704a
      size: 5364073
    - path: data/processed/conformal_mondrian_tuning_90.parquet
      hash: md5
      md5: c26d2189c32ac7567e04fff041f85d0d
      size: 15852
    - path: data/processed/conformal_mondrian_tuning_90_pareto.parquet
      hash: md5
      md5: c26d2189c32ac7567e04fff041f85d0d
      size: 15852
    - path: models/conformal_results_mondrian.pkl
      hash: md5
      md5: c676d965e984c42738fb9a160e06386c
      size: 3492
  core.ts.forecast_default_rates:
    cmd: uv run python scripts/forecast_default_rates.py --horizon 12
    deps:
    - path: configs/time_series.yaml
      hash: md5
      md5: 546d4086fc08da2968b4438eaa0c44de
      size: 2796
    - path: data/processed/time_series_full.parquet
      hash: md5
      md5: 00f20931560f3cc86f4f842e43f8beea
      size: 17872
    - path: data/processed/time_series_panel.parquet
      hash: md5
      md5: 5fccaa31faf3960077789ccc6202530f
      size: 150690
    - path: scripts/forecast_default_rates.py
      hash: md5
      md5: d7a1dded3b8c2c773cc59c4cf9a9175d
      size: 16118
    - path: src/models/time_series.py
      hash: md5
      md5: fef50dd0e4400b3943d23b271ddb8d30
      size: 93768
    outs:
    - path: data/processed/ts_backtest_metrics.parquet
      hash: md5
      md5: ef8a971da989a11d224af4022bb63dda
      size: 21307
    - path: data/processed/ts_backtest_predictions.parquet
      hash: md5
      md5: d8ea0ba9550f8e1c14e7355ffdcaaa08
      size: 29969
    - path: data/processed/ts_cv_stats.parquet
      hash: md5
      md5: d8ea0ba9550f8e1c14e7355ffdcaaa08
      size: 29969
    - path: data/processed/ts_diagnostics.json
      hash: md5
      md5: d583d7b0931323c6bed25d2b56b19cf3
      size: 1596
    - path: data/processed/ts_forecasts.parquet
      hash: md5
      md5: 95babf1d22991cba0079added8a5a612
      size: 29861
    - path: data/processed/ts_ifrs9_scenarios.parquet
      hash: md5
      md5: b1b81617079f065667e6b8e49efe6513
      size: 6542
    - path: data/processed/ts_panel_forecasts.parquet
      hash: md5
      md5: 40ca161a102514c675536ccb92dc3895
      size: 12520
    - path: models/time_series_status.json
      hash: md5
      md5: f5609fab6108295c4f5039872c01f176
      size: 9066
  research.causal.estimate_effects:
    cmd: bash scripts/causal/run_in_causal_env.sh
      scripts/estimate_causal_effects.py --treatment int_rate
    deps:
    - path: data/processed/test.parquet
      hash: md5
      md5: 16bf66b611311120d8b55768f88fe7c4
      size: 32441172
    - path: data/processed/train.parquet
      hash: md5
      md5: 88d8fbcb58640f47d4c02e2ff66bcb90
      size: 142993295
    - path: scripts/causal/run_in_causal_env.sh
      hash: md5
      md5: 39080dee2885110ec9a1a0d8bcff04b7
      size: 555
      isexec: true
    - path: scripts/estimate_causal_effects.py
      hash: md5
      md5: 3d84a0e513a2141e3046a43d817bc2ed
      size: 23482
    - path: src/models/causal.py
      hash: md5
      md5: 519c553e832bb43234bf9dd1e164bf1b
      size: 23115
    outs:
    - path: data/processed/cate_estimates.parquet
      hash: md5
      md5: 6e74c8c47369b2e6fa2f9d971f437734
      size: 52027975
    - path: data/processed/cate_estimates_oot.parquet
      hash: md5
      md5: 2a8baca7c9bf31177fe8a8554f9a1431
      size: 11372744
    - path: data/processed/causal_overlap_diagnostics.parquet
      hash: md5
      md5: 9c024983169fdf573bb937c7a3b8f001
      size: 10700
    - path: models/causal_effect_status.json
      hash: md5
      md5: a0a521515972af3e8ca4b3565447b92b
      size: 5753
    - path: models/causal_forest_dml.pkl
      hash: md5
      md5: e9260f206f62c3dfd7714cc57271108e
      size: 2375184034
    - path: models/causal_summary.pkl
      hash: md5
      md5: 66f02939c06d3e3f30abfec09219ece9
      size: 665
  research.causal.simulate_policy:
    cmd: bash scripts/causal/run_in_causal_env.sh
      scripts/simulate_causal_policy.py
    deps:
    - path: data/processed/cate_estimates.parquet
      hash: md5
      md5: 6e74c8c47369b2e6fa2f9d971f437734
      size: 52027975
    - path: models/causal_effect_status.json
      hash: md5
      md5: a0a521515972af3e8ca4b3565447b92b
      size: 5753
    - path: scripts/causal/run_in_causal_env.sh
      hash: md5
      md5: 39080dee2885110ec9a1a0d8bcff04b7
      size: 555
      isexec: true
    - path: scripts/simulate_causal_policy.py
      hash: md5
      md5: 361c027548490851678daa35ffe0f06a
      size: 11323
    outs:
    - path: data/processed/causal_policy_grade_summary.parquet
      hash: md5
      md5: ee3f274e61805a9faaf7fe6b6af2720e
      size: 4328
    - path: data/processed/causal_policy_segment_summary.parquet
      hash: md5
      md5: 3437e7742d4024453948ea679313d120
      size: 6276
    - path: data/processed/causal_policy_simulation.parquet
      hash: md5
      md5: 5800f31047381f7674c64ee1eb08d57f
      size: 45244137
    - path: models/causal_policy_summary.pkl
      hash: md5
      md5: 822969a51127cf941ff3ad9727dfcc86
      size: 1485
  research.causal.validate_policy:
    cmd: bash scripts/causal/run_in_causal_env.sh
      scripts/validate_causal_policy.py
    deps:
    - path: data/processed/causal_policy_simulation.parquet
      hash: md5
      md5: 5800f31047381f7674c64ee1eb08d57f
      size: 45244137
    - path: models/causal_effect_status.json
      hash: md5
      md5: a0a521515972af3e8ca4b3565447b92b
      size: 5753
    - path: scripts/causal/run_in_causal_env.sh
      hash: md5
      md5: 39080dee2885110ec9a1a0d8bcff04b7
      size: 555
      isexec: true
    - path: scripts/validate_causal_policy.py
      hash: md5
      md5: 6fcf1d41ff5bd397941d5cd889881e1a
      size: 11069
    outs:
    - path: data/processed/causal_policy_rule_candidates.parquet
      hash: md5
      md5: 93d53c2bf6b089bc7c07303563b35724
      size: 9732
    - path: data/processed/causal_policy_rule_selected.parquet
      hash: md5
      md5: 58bd35b0d8697c1a4b9cedfca9b3448f
      size: 9445
    - path: models/causal_policy_rule.json
      hash: md5
      md5: d131a8110910ca6661ed6ec298915c6f
      size: 1547
  core.ifrs9.run_sensitivity:
    cmd: uv run python scripts/run_ifrs9_sensitivity.py
    deps:
    - path: data/processed/conformal_intervals_mondrian.parquet
      hash: md5
      md5: 158c6322e701fa45407a4c769a8a704a
      size: 5364073
    - path: data/processed/test.parquet
      hash: md5
      md5: 16bf66b611311120d8b55768f88fe7c4
      size: 32441172
    - path: data/processed/train.parquet
      hash: md5
      md5: 88d8fbcb58640f47d4c02e2ff66bcb90
      size: 142993295
    - path: data/processed/ts_ifrs9_scenarios.parquet
      hash: md5
      md5: b1b81617079f065667e6b8e49efe6513
      size: 6542
    - path: models/time_series_status.json
      hash: md5
      md5: f5609fab6108295c4f5039872c01f176
      size: 9066
    - path: scripts/run_ifrs9_sensitivity.py
      hash: md5
      md5: 8098c0b8b184b41ce65a360a1349952b
      size: 24434
      isexec: true
    outs:
    - path: data/processed/ifrs9_input_quality.parquet
      hash: md5
      md5: 5bd2b71c730b1e4fd5b1b0bc7ce5f7b1
      size: 9677
    - path: data/processed/ifrs9_scenario_grade_summary.parquet
      hash: md5
      md5: 5eebf2c6638d0d1df22deda87742e1e3
      size: 11935
    - path: data/processed/ifrs9_scenario_summary.parquet
      hash: md5
      md5: 25396d2d604bddaea934437ce1669f31
      size: 17684
    - path: data/processed/ifrs9_sensitivity_grid.parquet
      hash: md5
      md5: fbd0d885ab8f18723c8084631c2e8189
      size: 12222
    - path: models/ifrs9_sensitivity_summary.pkl
      hash: md5
      md5: 20310543fb5b3f710923e1337e2fb988
      size: 2133
  core.portfolio.optimize:
    cmd: uv run python scripts/optimize_portfolio.py --config
      configs/optimization.yaml --risk_tolerance 0.10 --max_candidates 30000
    deps:
    - path: configs/optimization.yaml
      hash: md5
      md5: 9077d7117a99181c2f083af11fe422fc
      size: 1683
      isexec: true
    - path: data/processed/conformal_intervals_mondrian.parquet
      hash: md5
      md5: 158c6322e701fa45407a4c769a8a704a
      size: 5364073
    - path: data/processed/test.parquet
      hash: md5
      md5: 16bf66b611311120d8b55768f88fe7c4
      size: 32441172
    - path: scripts/optimize_portfolio.py
      hash: md5
      md5: 4fa2506afec5c9046ac18a3fa2f55c68
      size: 11367
      isexec: true
    outs:
    - path: data/processed/portfolio_allocations.parquet
      hash: md5
      md5: a5a64027caf731dca5b951a7a62bf4dd
      size: 2676209
    - path: models/portfolio_results.pkl
      hash: md5
      md5: 19526fc983324baed8b32e0a637511a3
      size: 3746514
  search.portfolio.tradeoff:
    cmd: uv run python scripts/optimize_portfolio_tradeoff.py --config
      configs/optimization.yaml --max_candidates 30000 --grid-profile night
    deps:
    - path: configs/optimization.yaml
      hash: md5
      md5: 9077d7117a99181c2f083af11fe422fc
      size: 1683
      isexec: true
    - path: data/processed/conformal_intervals_mondrian.parquet
      hash: md5
      md5: 158c6322e701fa45407a4c769a8a704a
      size: 5364073
    - path: data/processed/test.parquet
      hash: md5
      md5: 16bf66b611311120d8b55768f88fe7c4
      size: 32441172
    - path: scripts/optimize_portfolio_tradeoff.py
      hash: md5
      md5: feefd3b9b8a1faa3573dc523587fb487
      size: 45813
      isexec: true
    outs:
    - path: data/processed/portfolio_robustness_frontier.parquet
      hash: md5
      md5: 939c056a39b0964c75f7a243f0473044
      size: 43654
    - path: data/processed/portfolio_robustness_summary.parquet
      hash: md5
      md5: fed0a09251cdba0db84b3e2ddeee617d
      size: 14334
    - path: models/portfolio_robustness_results.pkl
      hash: md5
      md5: 6560d11054bdc39662b0ba00a4884b92
      size: 4652
  paper2.survival.run_analysis:
    cmd: uv run python scripts/run_survival_analysis.py
    deps:
    - path: data/processed/loan_master.parquet
      hash: md5
      md5: c797870fac75b62bbfa2dba9900e1f53
      size: 153933059
    - path: scripts/run_survival_analysis.py
      hash: md5
      md5: 2d6710f3e7d0ceb58831d78e55fcce62
      size: 14826
      isexec: true
    outs:
    - path: data/processed/lifetime_pd_table.parquet
      hash: md5
      md5: b3ef8110fb4ea912cc8b84745432c697
      size: 4161
    - path: models/cox_ph_model.pkl
      hash: md5
      md5: 1a3b10cb2fc519fc460bcad4e038c93e
      size: 85808973
    - path: models/rsf_model.pkl
      hash: md5
      md5: e803c8153a81b64e752012c89d492ae3
      size: 1263
    - path: models/survival_summary.pkl
      hash: md5
      md5: daaede5bced8cf308e60e7ed3e24f01a
      size: 1557
  research.ts.run_vnext:
    cmd: uv run python scripts/run_time_series_vnext.py --config
      configs/time_series_vnext.yaml
    deps:
    - path: configs/time_series_vnext.yaml
      hash: md5
      md5: 1c4bb0a6a5c08a9371afed93aa517eca
      size: 3100
    - path: data/processed/conformal_intervals_mondrian.parquet
      hash: md5
      md5: 158c6322e701fa45407a4c769a8a704a
      size: 5364073
    - path: data/processed/ifrs9_ecl_comparison.parquet
      hash: md5
      md5: 984e7ad6ce7c8d8cf02151957edbc1ac
      size: 5361
      isexec: true
    - path: data/processed/time_series_full.parquet
      hash: md5
      md5: 00f20931560f3cc86f4f842e43f8beea
      size: 17872
    - path: data/processed/time_series_panel.parquet
      hash: md5
      md5: 5fccaa31faf3960077789ccc6202530f
      size: 150690
    - path: data/processed/train.parquet
      hash: md5
      md5: 88d8fbcb58640f47d4c02e2ff66bcb90
      size: 142993295
    - path: models/time_series_status.json
      hash: md5
      md5: f5609fab6108295c4f5039872c01f176
      size: 9066
    - path: scripts/run_time_series_vnext.py
      hash: md5
      md5: 2822bab48af6bfadc3b163cb1731c7e7
      size: 24136
    - path: src/data/build_datasets.py
      hash: md5
      md5: cb6104d6a472b5a562022996a3d7b8ee
      size: 26896
    - path: src/models/time_series.py
      hash: md5
      md5: fef50dd0e4400b3943d23b271ddb8d30
      size: 93768
    - path: src/models/time_series_vnext.py
      hash: md5
      md5: 71b44063f553db46efa390ebbfad62bb
      size: 44655
    outs:
    - path: data/processed/time_series_panel_vnext.parquet
      hash: md5
      md5: 6f2eb2b882a7f7ec7cc9483a5d977902
      size: 1089842
    - path: data/processed/time_series_policy_review_matrix.parquet
      hash: md5
      md5: ae9e042d65316debbd1261b4b263da86
      size: 4400
    - path: data/processed/time_series_vnext.parquet
      hash: md5
      md5: ab8d733c8f94ac92b92aa1b00fc65fa1
      size: 165367
    - path: data/processed/ts_backtest_metrics_vnext.parquet
      hash: md5
      md5: 4dbd6f9867c6cebcc443043d136d59d6
      size: 23089
    - path: data/processed/ts_backtest_predictions_vnext.parquet
      hash: md5
      md5: 293bb08633a5fd614811533ee71637a5
      size: 44953
    - path: data/processed/ts_ecl_intervals_vnext.parquet
      hash: md5
      md5: 596879174206f9efdc8f002d901d618c
      size: 15249
    - path: data/processed/ts_forecasts_vnext.parquet
      hash: md5
      md5: 061c2f3384cd9c67f9424d4a8149efa7
      size: 30396
    - path: data/processed/ts_ifrs9_scenarios_vnext.parquet
      hash: md5
      md5: 5f1a0ae32853a3b2177e76ca766267a3
      size: 7124
    - path: data/processed/ts_interval_eval_vnext.parquet
      hash: md5
      md5: b8c6a0c7892eb12a7d204cc9b7992fe7
      size: 25094
    - path: data/processed/ts_joint_path_eval_vnext.parquet
      hash: md5
      md5: aa64f75fac53803bb33495a6f77acec8
      size: 9067
    - path: data/processed/ts_joint_path_samples_vnext.parquet
      hash: md5
      md5: 726f54a2b146eb785067150fd9ce1b01
      size: 94921
    - path: data/processed/ts_panel_forecasts_vnext.parquet
      hash: md5
      md5: 40ca161a102514c675536ccb92dc3895
      size: 12520
    - path: models/time_series_policy_review.json
      hash: md5
      md5: 2ba94c0500986d23195f0f72a9f0a830
      size: 2340
    - path: models/time_series_vnext_status.json
      hash: md5
      md5: 944880793e5466ee2316183721fc847b
      size: 9681
  diagnostic.conformal.backtest_coverage:
    cmd: uv run python scripts/backtest_conformal_coverage.py
    deps:
    - path: data/processed/conformal_intervals_mondrian.parquet
      hash: md5
      md5: 158c6322e701fa45407a4c769a8a704a
      size: 5364073
    - path: data/processed/test.parquet
      hash: md5
      md5: 16bf66b611311120d8b55768f88fe7c4
      size: 32441172
    - path: scripts/backtest_conformal_coverage.py
      hash: md5
      md5: 4cb7de8d1ad1c808a6b10a1a9f6a4c7f
      size: 14986
      isexec: true
    outs:
    - path: data/processed/conformal_backtest_alerts.parquet
      hash: md5
      md5: baf2bf96f6487b4a42f35273d388cbd4
      size: 4746
    - path: data/processed/conformal_backtest_monthly.parquet
      hash: md5
      md5: 0de8d1fe3cd556ae563a350c22087d47
      size: 13615
    - path: data/processed/conformal_backtest_monthly_grade.parquet
      hash: md5
      md5: 90c72d5e6c72ae881a59e2df13825b54
      size: 15524
  diagnostic.conformal.validate_policy:
    cmd: uv run python scripts/validate_conformal_policy.py --config
      configs/conformal_policy.yaml
    deps:
    - path: configs/conformal_policy.yaml
      hash: md5
      md5: 28f433a566347d2d1703b38d266a672f
      size: 1388
      isexec: true
    - path: data/processed/conformal_backtest_alerts.parquet
      hash: md5
      md5: baf2bf96f6487b4a42f35273d388cbd4
      size: 4746
    - path: data/processed/conformal_backtest_monthly.parquet
      hash: md5
      md5: 0de8d1fe3cd556ae563a350c22087d47
      size: 13615
    - path: data/processed/conformal_group_metrics_mondrian.parquet
      hash: md5
      md5: e37d31bbf17d6c0cd775f214eb44c4dd
      size: 7926
    - path: models/conformal_results_mondrian.pkl
      hash: md5
      md5: c676d965e984c42738fb9a160e06386c
      size: 3492
    - path: scripts/validate_conformal_policy.py
      hash: md5
      md5: 690887c5d558bb3e594e64ea40814407
      size: 26196
      isexec: true
    outs:
    - path: data/processed/conformal_policy_checks.parquet
      hash: md5
      md5: 31c6e09403639eaff3d80fd9ca7d512f
      size: 7532
    - path: models/conformal_policy_status.json
      hash: md5
      md5: 63dcff41cf2d52ff2ff8e115046eb555
      size: 12465
  core.governance.export_streamlit_artifacts:
    cmd: uv run python scripts/export_streamlit_artifacts.py
    deps:
    - path: configs/explainability_taxonomy.json
      hash: md5
      md5: 8b1469c4d239bbaee1a83e53105c0ce7
      size: 6601
    - path: data/processed/conformal_intervals_mondrian.parquet
      hash: md5
      md5: 158c6322e701fa45407a4c769a8a704a
      size: 5364073
    - path: data/processed/feature_config.pkl
      hash: md5
      md5: e799ebe038e6d2f47ab25dafee96a1c8
      size: 3580
    - path: data/processed/loan_master.parquet
      hash: md5
      md5: c797870fac75b62bbfa2dba9900e1f53
      size: 153933059
    - path: data/processed/test_fe.parquet
      hash: md5
      md5: f01eea4760d8eb4d58cfeb274da46e09
      size: 46448903
    - path: data/processed/test_predictions.parquet
      hash: md5
      md5: d16ecc0b4badc4c0949e6eb1e1adbbce
      size: 12547567
    - path: data/raw/Loan_status_2007-2020Q3.csv
      hash: md5
      md5: 65adade308f21d60b7213088a88e684d
      size: 1773470505
      isexec: true
    - path: models/conformal_policy_status.json
      hash: md5
      md5: 63dcff41cf2d52ff2ff8e115046eb555
      size: 12465
    - path: models/cox_ph_model.pkl
      hash: md5
      md5: 1a3b10cb2fc519fc460bcad4e038c93e
      size: 85808973
    - path: models/pd_model_contract.json
      hash: md5
      md5: fabde12ce703b6ce127a82ec1824ef0e
      size: 1504
      isexec: true
    - path: models/pd_training_record.pkl
      hash: md5
      md5: 8ce7d9371c1b9ebcdf753ab3dd74e9c1
      size: 21977
    - path: models/pipeline_results.pkl
      hash: md5
      md5: 90d0feda81752caf88972136cf7b8e78
      size: 366
    - path: models/survival_summary.pkl
      hash: md5
      md5: daaede5bced8cf308e60e7ed3e24f01a
      size: 1557
    - path: scripts/export_streamlit_artifacts.py
      hash: md5
      md5: 51aa30507002c8f7eda4a11464fbdbb9
      size: 58393
    outs:
    - path: data/processed/ale_curves.parquet
      hash: md5
      md5: 0802c080ec736dd82cfc6787e4464683
      size: 7978
    - path: data/processed/calibration_curve_data.parquet
      hash: md5
      md5: ee5f5075c460dcce64e82396fbfab3ed
      size: 3126
    - path: data/processed/eda_summary.json
      hash: md5
      md5: 92b2a59e32c2567d822712f8da531ff3
      size: 1945
    - path: data/processed/explainability_global.parquet
      hash: md5
      md5: d2857de68bc8b56a62358e5f84e07788
      size: 11039
    - path: data/processed/explainability_local_cases.parquet
      hash: md5
      md5: 3acc9b9266156cf0c96e544284729df3
      size: 14387
    - path: data/processed/feature_importance_iv.json
      hash: md5
      md5: bfa003f44033d9b42b44c87745f9f64c
      size: 4023
    - path: data/processed/hazard_ratios.parquet
      hash: md5
      md5: 18ac73913824d4fae3dabfd391718857
      size: 10709
    - path: data/processed/km_curve_data.parquet
      hash: md5
      md5: 44c063d9cc53047e37840d65bf97ad0e
      size: 52384
    - path: data/processed/model_comparison.json
      hash: md5
      md5: 59bfec199f0e23cc13c8a9fb05ce18e5
      size: 15059
    - path: data/processed/pdp_ice_top5.parquet
      hash: md5
      md5: e0d1954b6410040ef39dd0bcdd4db00f
      size: 262904
    - path: data/processed/permutation_importance.parquet
      hash: md5
      md5: bd5de833138ebc6481a2d400865b7f0e
      size: 4246
    - path: data/processed/pipeline_summary.json
      hash: md5
      md5: 3e6e1bac955332271f3482e3e83a7acf
      size: 4656
    - path: data/processed/roc_curve_data.parquet
      hash: md5
      md5: 24ce128a3da707fbc292000842120d0b
      size: 13049
    - path: data/processed/roi_by_grade.parquet
      hash: md5
      md5: a815870109572428f2501e8fdd54bb7d
      size: 6156
    - path: data/processed/roi_by_grade_term.parquet
      hash: md5
      md5: 93808dc652c98905b40faee034fc254f
      size: 3736
    - path: data/processed/runtime_status.json
      hash: md5
      md5: a18ac5d4702036398cb0c07161a378b9
      size: 10207
    - path: data/processed/shap_interactions_or_redundancy.parquet
      hash: md5
      md5: 2d207001f76643b2613a30bbef1dc26c
      size: 5004
    - path: data/processed/shap_local_cases.parquet
      hash: md5
      md5: 40ef1cff2cb1ec1b4df1634cdee9d32b
      size: 12250
    - path: data/processed/shap_raw_top20.parquet
      hash: md5
      md5: 7687b7d1738bb2ec8f41d0505c03458f
      size: 1361327
    - path: data/processed/shap_summary.parquet
      hash: md5
      md5: 0d28441e1d48e919aa2c3a8056b07312
      size: 5806
    - path: data/processed/state_aggregates.parquet
      hash: md5
      md5: e843fe1609eed826fcc3152030115c42
      size: 5296
  core.governance.export_storytelling_snapshot:
    cmd: uv run python scripts/export_storytelling_snapshot.py
    deps:
    - path: data/processed/ifrs9_scenario_summary.parquet
      hash: md5
      md5: 25396d2d604bddaea934437ce1669f31
      size: 17684
    - path: data/processed/model_comparison.json
      hash: md5
      md5: 59bfec199f0e23cc13c8a9fb05ce18e5
      size: 15059
    - path: data/processed/pipeline_summary.json
      hash: md5
      md5: 3e6e1bac955332271f3482e3e83a7acf
      size: 4656
    - path: data/processed/portfolio_robustness_summary.parquet
      hash: md5
      md5: fed0a09251cdba0db84b3e2ddeee617d
      size: 14334
    - path: models/conformal_policy_status.json
      hash: md5
      md5: 63dcff41cf2d52ff2ff8e115046eb555
      size: 12465
    - path: scripts/export_storytelling_snapshot.py
      hash: md5
      md5: b4f9bcec232045415cfc6a6f72d07cbb
      size: 9826
    outs:
    - path: reports/storytelling_snapshot.json
      hash: md5
      md5: e9dbb849fd7a64acf84826d879e65e50
      size: 4416
  core.governance.build_pipeline_results:
    cmd: uv run python scripts/build_pipeline_results.py
    deps:
    - path: data/processed/conformal_intervals_mondrian.parquet
      hash: md5
      md5: 158c6322e701fa45407a4c769a8a704a
      size: 5364073
    - path: data/processed/ifrs9_scenario_summary.parquet
      hash: md5
      md5: 25396d2d604bddaea934437ce1669f31
      size: 17684
    - path: data/processed/portfolio_robustness_summary.parquet
      hash: md5
      md5: fed0a09251cdba0db84b3e2ddeee617d
      size: 14334
    - path: data/processed/test_predictions.parquet
      hash: md5
      md5: d16ecc0b4badc4c0949e6eb1e1adbbce
      size: 12547567
    - path: scripts/build_pipeline_results.py
      hash: md5
      md5: 68c19b43af8e1ece382f568e5e504244
      size: 4726
    - path: scripts/end_to_end_pipeline.py
      hash: md5
      md5: 4f1b556eb606dcc863c5e900643bd728
      size: 2357
    outs:
    - path: models/pipeline_results.pkl
      hash: md5
      md5: 90d0feda81752caf88972136cf7b8e78
      size: 366
  search.conformal.benchmark_variants:
    cmd: uv run python scripts/benchmark_conformal_variants.py
    deps:
    - path: data/processed/calibration.parquet
      hash: md5
      md5: 530b6dbf1e5a561995f142023b8c355b
      size: 27931750
    - path: data/processed/test.parquet
      hash: md5
      md5: 16bf66b611311120d8b55768f88fe7c4
      size: 32441172
    - path: models/conformal_results_mondrian.pkl
      hash: md5
      md5: c676d965e984c42738fb9a160e06386c
      size: 3492
    - path: models/pd_canonical.cbm
      hash: md5
      md5: e66735accaef6c398c8665b2da5b9002
      size: 5394848
      isexec: true
    - path: models/pd_canonical_calibrator.pkl
      hash: md5
      md5: 543497cab73675673dad1bccbae4746d
      size: 9503845
      isexec: true
    - path: scripts/benchmark_conformal_variants.py
      hash: md5
      md5: 07344d69d6b3f66d7848cb7d253dd004
      size: 32241
    outs:
    - path: data/processed/conformal_variant_benchmark.parquet
      hash: md5
      md5: 5a25b8aac970bb28ef5fa9cc25405c7d
      size: 21591
    - path: data/processed/conformal_variant_benchmark_by_group.parquet
      hash: md5
      md5: dcf7e89abfe124b5b25da6cac4696bdb
      size: 7411
  research.causal.backtest_oot:
    cmd: bash scripts/causal/run_in_causal_env.sh
      scripts/backtest_causal_policy_oot.py
    deps:
    - path: data/processed/causal_policy_simulation.parquet
      hash: md5
      md5: 5800f31047381f7674c64ee1eb08d57f
      size: 45244137
    - path: data/processed/train.parquet
      hash: md5
      md5: 88d8fbcb58640f47d4c02e2ff66bcb90
      size: 142993295
    - path: models/causal_effect_status.json
      hash: md5
      md5: a0a521515972af3e8ca4b3565447b92b
      size: 5753
    - path: models/causal_policy_rule.json
      hash: md5
      md5: d131a8110910ca6661ed6ec298915c6f
      size: 1547
    - path: scripts/backtest_causal_policy_oot.py
      hash: md5
      md5: 0a916d38633f625bb1c2c4e18709e1bd
      size: 10744
    - path: scripts/causal/run_in_causal_env.sh
      hash: md5
      md5: 39080dee2885110ec9a1a0d8bcff04b7
      size: 555
      isexec: true
    outs:
    - path: data/processed/causal_policy_oot_backtest.parquet
      hash: md5
      md5: 7fa874a71f0fbed5e19b49196a440176
      size: 16666
    - path: data/processed/causal_policy_oot_backtest_by_grade.parquet
      hash: md5
      md5: c6296fbab9990c0fc585a9d7291d5d95
      size: 21128
    - path: models/causal_policy_oot_status.json
      hash: md5
      md5: 8657ecd5290c440aebd3551e803aec32
      size: 745
  core.governance.run_fairness_audit:
    cmd: uv run python scripts/run_fairness_audit.py --config
      configs/fairness_policy.yaml
    deps:
    - path: configs/fairness_policy.yaml
      hash: md5
      md5: 710ab8347a67ab163ce0c31da7cb4b90
      size: 1540
    - path: data/processed/test_fe.parquet
      hash: md5
      md5: f01eea4760d8eb4d58cfeb274da46e09
      size: 46448903
    - path: data/processed/test_predictions.parquet
      hash: md5
      md5: d16ecc0b4badc4c0949e6eb1e1adbbce
      size: 12547567
    - path: scripts/run_fairness_audit.py
      hash: md5
      md5: f25ea88cfb2ac775226ab6702da8362d
      size: 30737
    - path: src/evaluation/fairness.py
      hash: md5
      md5: c86f546b66df9b8ac2d2509445c965d8
      size: 13779
    outs:
    - path: data/processed/fairness_audit.parquet
      hash: md5
      md5: 2b82cca65cefd02e0a108eaf31a02bf7
      size: 6712
    - path: data/processed/fairness_threshold_frontier.parquet
      hash: md5
      md5: f4f7bf5ef97256f2c298e5569ab9dfe0
      size: 7159
    - path: models/fairness_audit_status.json
      hash: md5
      md5: 0d476d83c6f8e563bbe58861bdf1a095
      size: 3330
  research.causal.optimize_cate_portfolio:
    cmd: uv run python scripts/optimize_cate_portfolio.py --max_candidates 30000
    deps:
    - path: data/processed/cate_estimates.parquet
      hash: md5
      md5: 6e74c8c47369b2e6fa2f9d971f437734
      size: 52027975
    - path: data/processed/cate_estimates_oot.parquet
      hash: md5
      md5: 2a8baca7c9bf31177fe8a8554f9a1431
      size: 11372744
    - path: data/processed/conformal_intervals_mondrian.parquet
      hash: md5
      md5: 158c6322e701fa45407a4c769a8a704a
      size: 5364073
    - path: data/processed/test_fe.parquet
      hash: md5
      md5: f01eea4760d8eb4d58cfeb274da46e09
      size: 46448903
    - path: models/causal_effect_status.json
      hash: md5
      md5: a0a521515972af3e8ca4b3565447b92b
      size: 5753
    - path: scripts/optimize_cate_portfolio.py
      hash: md5
      md5: 47af7d41aed7db5b8ca5b8548008727f
      size: 22050
    - path: src/optimization/causal_portfolio.py
      hash: md5
      md5: 28bc15853a6752331eb0ddb4b3342de3
      size: 6488
    outs:
    - path: data/processed/cate_portfolio_comparison.parquet
      hash: md5
      md5: c408b7ac8b12856deb55ece21413f06d
      size: 3222
    - path: models/cate_portfolio_status.json
      hash: md5
      md5: 95feebd0cc8567295f56a1c857a4b8b1
      size: 1537
  search.portfolio.simulate_ab_test:
    cmd: uv run python scripts/simulate_ab_test.py --max_candidates 30000
    deps:
    - path: data/processed/conformal_intervals_mondrian.parquet
      hash: md5
      md5: 158c6322e701fa45407a4c769a8a704a
      size: 5364073
    - path: data/processed/test_fe.parquet
      hash: md5
      md5: f01eea4760d8eb4d58cfeb274da46e09
      size: 46448903
    - path: scripts/simulate_ab_test.py
      hash: md5
      md5: d10304125ae65127630f26bc803af089
      size: 38363
    - path: src/evaluation/ab_testing.py
      hash: md5
      md5: f019ec88d34ab014629dc0a98696181a
      size: 6482
    outs:
    - path: data/processed/ab_simulation_results.parquet
      hash: md5
      md5: 564665287b894ba15aa4ed9067626706
      size: 5771
    - path: data/processed/ab_simulation_summary.parquet
      hash: md5
      md5: a9f960a5d1da6251be0fdc86b4df0769
      size: 3046
    - path: models/ab_simulation_status.json
      hash: md5
      md5: 3ffcaed85fa0bd826c4b5aa26d1060ba
      size: 2423
  core.governance.generate_mrm_report:
    cmd: uv run python scripts/generate_mrm_report.py --config
      configs/mrm_policy.yaml
    deps:
    - path: configs/mrm_policy.yaml
      hash: md5
      md5: 7a885f9333a567263ea91b5c3ef65439
      size: 2621
    - path: data/processed/pipeline_summary.json
      hash: md5
      md5: 3e6e1bac955332271f3482e3e83a7acf
      size: 4656
    - path: models/conformal_policy_status.json
      hash: md5
      md5: 63dcff41cf2d52ff2ff8e115046eb555
      size: 12465
    - path: models/fairness_audit_status.json
      hash: md5
      md5: 0d476d83c6f8e563bbe58861bdf1a095
      size: 3330
    - path: models/governance_status.json
      hash: md5
      md5: e9707db1108e11c9893a54e6103bad51
      size: 9578
    - path: scripts/generate_mrm_report.py
      hash: md5
      md5: a76f603456a8d2e7de11560d4d5e686c
      size: 11770
    outs:
    - path: reports/mrm/mrm_validation_report.json
      hash: md5
      md5: 9e5893c0485cfdff86235a2220c18ef6
      size: 77905
  core.governance.export_dvc_metrics:
    cmd: uv run python scripts/export_dvc_metrics.py --run-tag
      paper1-e2e-all-champions-2026-04-07
    deps:
    - path: data/processed/conformal_backtest_monthly.parquet
      hash: md5
      md5: 0de8d1fe3cd556ae563a350c22087d47
      size: 13615
    - path: data/processed/ifrs9_scenario_summary.parquet
      hash: md5
      md5: 25396d2d604bddaea934437ce1669f31
      size: 17684
    - path: data/processed/portfolio_robustness_frontier.parquet
      hash: md5
      md5: 939c056a39b0964c75f7a243f0473044
      size: 43654
    - path: data/processed/test_predictions.parquet
      hash: md5
      md5: d16ecc0b4badc4c0949e6eb1e1adbbce
      size: 12547567
    - path: models/conformal_policy_status.json
      hash: md5
      md5: 63dcff41cf2d52ff2ff8e115046eb555
      size: 12465
    - path: models/final_project_promotion.json
      hash: md5
      md5: 5d789be10b37de798d6de0d66c843b6e
      size: 8066
    - path: models/pipeline_results.pkl
      hash: md5
      md5: 90d0feda81752caf88972136cf7b8e78
      size: 366
    - path: scripts/export_dvc_metrics.py
      hash: md5
      md5: 38aa031415a150bc6b19af255b48693b
      size: 9421
    outs:
    - path: reports/dvc/conformal_coverage_backtest.csv
      hash: md5
      md5: 712461abcdef32a5d2ffefba36600852
      size: 4555
    - path: reports/dvc/metrics_summary.json
      hash: md5
      md5: aa99d6415edd8a876050de4d4521c7c6
      size: 3626
    - path: reports/dvc/robustness_frontier.csv
      hash: md5
      md5: f854ae76759ec6593ce89b97a7da0117
      size: 91212
  core.governance.generate_status:
    cmd: uv run python scripts/generate_governance_status.py --config
      configs/mrm_policy.yaml
    deps:
    - path: configs/mrm_policy.yaml
      hash: md5
      md5: 7a885f9333a567263ea91b5c3ef65439
      size: 2621
    - path: data/processed/fairness_threshold_frontier.parquet
      hash: md5
      md5: f4f7bf5ef97256f2c298e5569ab9dfe0
      size: 7159
    - path: data/processed/shap_raw_top20.parquet
      hash: md5
      md5: 7687b7d1738bb2ec8f41d0505c03458f
      size: 1361327
    - path: data/processed/test.parquet
      hash: md5
      md5: 16bf66b611311120d8b55768f88fe7c4
      size: 32441172
    - path: data/processed/train.parquet
      hash: md5
      md5: 88d8fbcb58640f47d4c02e2ff66bcb90
      size: 142993295
    - path: models/challenger_promotion_report.json
      hash: md5
      md5: e0bc2d251de9c1f5cf814945b28a5802
      size: 3240
    - path: models/fairness_audit_status.json
      hash: md5
      md5: 0d476d83c6f8e563bbe58861bdf1a095
      size: 3330
    - path: scripts/generate_governance_status.py
      hash: md5
      md5: 0abb1763bb20a9b48410b1598c6ccee8
      size: 28987
    - path: src/evaluation/backtesting.py
      hash: md5
      md5: e0461fd137e43386da674318d738c457
      size: 21201
      isexec: true
    - path: src/evaluation/explainability.py
      hash: md5
      md5: 697bf92ed234c0836b3607d572bc9c55
      size: 10634
    outs:
    - path: data/processed/drift_monitoring.parquet
      hash: md5
      md5: 394dc2e803f46088c5982560dd662f58
      size: 8139
    - path: data/processed/explanation_drift.parquet
      hash: md5
      md5: d9056480583c0634a8cc8f4ab86d8238
      size: 12567
    - path: models/governance_status.json
      hash: md5
      md5: e9707db1108e11c9893a54e6103bad51
      size: 9578
  diagnostic.pd.build_challenger_artifacts:
    cmd: uv run python scripts/build_pd_challenger_artifacts.py --config
      configs/pd_model.yaml
    deps:
    - path: configs/pd_model.yaml
      hash: md5
      md5: 7da5f9fecc48485721230dacb6b4fb09
      size: 3865
      isexec: true
    - path: data/processed/feature_config.pkl
      hash: md5
      md5: e799ebe038e6d2f47ab25dafee96a1c8
      size: 3580
    - path: data/processed/test_fe.parquet
      hash: md5
      md5: f01eea4760d8eb4d58cfeb274da46e09
      size: 46448903
    - path: data/processed/test_predictions.parquet
      hash: md5
      md5: d16ecc0b4badc4c0949e6eb1e1adbbce
      size: 12547567
    - path: data/processed/train.parquet
      hash: md5
      md5: 88d8fbcb58640f47d4c02e2ff66bcb90
      size: 142993295
    - path: scripts/build_pd_challenger_artifacts.py
      hash: md5
      md5: 5e7340d545918aa97d834b0c9b5ec5f0
      size: 29841
    - path: src/evaluation/explainability.py
      hash: md5
      md5: 697bf92ed234c0836b3607d572bc9c55
      size: 10634
    outs:
    - path: data/processed/challenger_feature_selection.parquet
      hash: md5
      md5: 2243de2a70e3f652112588b7fc3c9575
      size: 9082
    - path: models/challenger_promotion_report.json
      hash: md5
      md5: e0bc2d251de9c1f5cf814945b28a5802
      size: 3240
    - path: models/pd_challenger_spec.json
      hash: md5
      md5: 8d3addfab143f953eea8a7dfda1b5713
      size: 2060
    - path: models/pd_challenger_spec_v2.json
      hash: md5
      md5: 8d3addfab143f953eea8a7dfda1b5713
      size: 2060
  diagnostic.governance.dependency_summary:
    cmd: uv run python scripts/generate_dependency_summary.py
    deps:
    - path: pyproject.toml
      hash: md5
      md5: b0ced58ee40aecd2a0348ac40ce9a43d
      size: 2994
      isexec: true
    - path: requirements/causal-causalpy.txt
      hash: md5
      md5: 6b9f47ac5a2beff88104ee7b945369a1
      size: 19
    - path: requirements/causal-econml.txt
      hash: md5
      md5: 038e9310b2033561d0bc7049d5fc3ed1
      size: 19
    - path: requirements/feast-platform.txt
      hash: md5
      md5: dbe999c258c213eb52dcd66fbec44946
      size: 252
    - path: scripts/generate_dependency_summary.py
      hash: md5
      md5: 0c6fa1ff0430b003890814d32a8f8ffe
      size: 10455
    - path: uv.lock
      hash: md5
      md5: 293cde55540f32ee7a53200053089bb8
      size: 682987
      isexec: true
    outs:
    - path: models/dependency_audit_runtime_status.json
      hash: md5
      md5: 75926a9c30094b1136823a52c3bf39bf
      size: 273
  core.data.materialize_feature_artifacts:
    cmd: uv run python scripts/materialize_feature_artifacts.py
    deps:
    - path: data/processed/calibration.parquet
      hash: md5
      md5: 530b6dbf1e5a561995f142023b8c355b
      size: 27931750
    - path: data/processed/test.parquet
      hash: md5
      md5: 16bf66b611311120d8b55768f88fe7c4
      size: 32441172
    - path: data/processed/train.parquet
      hash: md5
      md5: 88d8fbcb58640f47d4c02e2ff66bcb90
      size: 142993295
    - path: scripts/materialize_feature_artifacts.py
      hash: md5
      md5: 9fe4eb6600292f541dd0aaef8a859973
      size: 3263
    - path: src/features/feature_engineering.py
      hash: md5
      md5: c2a90cc8bb43da438edfb2af58c5b5e6
      size: 27828
    outs:
    - path: data/processed/calibration_fe.parquet
      hash: md5
      md5: fdfae34b8857f1506d1fe5628c5d1e94
      size: 39804503
    - path: data/processed/feature_config.pkl
      hash: md5
      md5: e799ebe038e6d2f47ab25dafee96a1c8
      size: 3580
    - path: data/processed/feature_manifest_v2.json
      hash: md5
      md5: 948803ff8d8a9993ce9fbdb46037404d
      size: 56108
    - path: data/processed/feature_manifest_v2.parquet
      hash: md5
      md5: 156baba8afdd5af9d27145924a932272
      size: 10289
    - path: data/processed/test_fe.parquet
      hash: md5
      md5: f01eea4760d8eb4d58cfeb274da46e09
      size: 46448903
    - path: data/processed/train_fe.parquet
      hash: md5
      md5: 786ec03f467835a63db38b45ab94f3c5
      size: 208450864
    - path: data/processed/woe_encoders.pkl
      hash: md5
      md5: ccb667ad366c30c51954ccbe208a1c59
      size: 3552
